
Microsoft Visual Studio Solution File, Format Version 12.00
# Visual Studio Version 17
VisualStudioVersion = 17.9.34607.119
MinimumVisualStudioVersion = 10.0.40219.1
Project("{FAE04EC0-301F-11D3-BF4B-00C04F79EFBC}") = "enumSwitch", "enumSwitch\enumSwitch.csproj", "{5656B4C1-7906-4BB3-B945-C61D9855B812}"
EndProject
Global
	GlobalSection(SolutionConfigurationPlatforms) = preSolution
		Debug|Any CPU = Debug|Any CPU
		Release|Any CPU = Release|Any CPU
	EndGlobalSection
	GlobalSection(ProjectConfigurationPlatforms) = postSolution
		{5656B4C1-7906-4BB3-B945-C61D9855B812}.Debug|Any CPU.ActiveCfg = Debug|Any CPU
		{5656B4C1-7906-4BB3-B945-C61D9855B812}.Debug|Any CPU.Build.0 = Debug|Any CPU
		{5656B4C1-7906-4BB3-B945-C61D9855B812}.Release|Any CPU.ActiveCfg = Release|Any CPU
		{5656B4C1-7906-4BB3-B945-C61D9855B812}.Release|Any CPU.Build.0 = Release|Any CPU
	EndGlobalSection
	GlobalSection(SolutionProperties) = preSolution
		HideSolutionNode = FALSE
	EndGlobalSection
	GlobalSection(ExtensibilityGlobals) = postSolution
		SolutionGuid = {EA9D8713-7B22-439D-A3D6-C413ACB7615D}
	EndGlobalSection
EndGlobal
